{
  "version": 4,
  "terraform_version": "1.3.4",
  "serial": 88,
  "lineage": "510989e9-99a8-0913-6cf8-1959e74b88fa",
  "outputs": {},
  "resources": [
    {
      "mode": "data",
      "type": "openstack_images_image_v2",
      "name": "image",
      "provider": "provider[\"registry.terraform.io/terraform-provider-openstack/openstack\"]",
      "instances": [
        {
          "schema_version": 0,
          "attributes": {
            "checksum": "ff124829ff56739c030924177b9024f4",
            "container_format": "bare",
            "created_at": "2023-04-18T04:02:14Z",
            "disk_format": "qcow2",
            "file": "/v2/images/9210bfc7-f6ed-4892-8b5e-b27b1dc25f1f/file",
            "hidden": false,
            "id": "9210bfc7-f6ed-4892-8b5e-b27b1dc25f1f",
            "member_status": null,
            "metadata": {},
            "min_disk_gb": 0,
            "min_ram_mb": 0,
            "most_recent": true,
            "name": "Ubuntu Jammy 22.04 (2023-04-18)",
            "name_regex": null,
            "owner": "ecd2f856d0c540c2bdd1a1397d63c272",
            "properties": {
              "ci_job_id": "9367171",
              "ci_pipeline_id": "1269407",
              "cpu_arch": "x86_64",
              "default_ssh_username": "ubuntu",
              "distribution": "ubuntu-jammy",
              "os_distro": "ubuntu",
              "os_type": "linux",
              "os_version": "22.04",
              "owner_specified.openstack.md5": "",
              "owner_specified.openstack.object": "images/Ubuntu Jammy 22.04 (2023-04-18)",
              "owner_specified.openstack.sha256": "",
              "source_sha256sum": "59c2363fd71b0bfc0bc32f31cb536b50d50dca30e0b9b9aabe6d99d47aa6a1c3",
              "source_url": "https://cloud-images.ubuntu.com/jammy/current/jammy-server-cloudimg-amd64.img"
            },
            "protected": false,
            "region": "dbl",
            "schema": "/v2/schemas/image",
            "size_bytes": 684916736,
            "size_max": null,
            "size_min": null,
            "sort_direction": "asc",
            "sort_key": "name",
            "tag": null,
            "tags": [],
            "updated_at": "2023-04-18T04:05:00Z",
            "visibility": "public"
          },
          "sensitive_attributes": []
        }
      ]
    },
    {
      "mode": "data",
      "type": "openstack_networking_network_v2",
      "name": "public_network",
      "provider": "provider[\"registry.terraform.io/terraform-provider-openstack/openstack\"]",
      "instances": [
        {
          "schema_version": 0,
          "attributes": {
            "admin_state_up": "true",
            "all_tags": [],
            "availability_zone_hints": [],
            "description": "",
            "dns_domain": "",
            "external": true,
            "id": "8bb661f5-76b9-45f1-9ef9-eeffcd025fe4",
            "matching_subnet_cidr": null,
            "mtu": 1500,
            "name": "ext-net",
            "network_id": null,
            "region": "dbl",
            "segments": [],
            "shared": "false",
            "status": null,
            "subnets": [
              "7d2e08a4-abee-46f1-823d-c2a7041b4f24"
            ],
            "tags": null,
            "tenant_id": "c61f1914ea714e96a555763abe69d731",
            "transparent_vlan": false
          },
          "sensitive_attributes": []
        }
      ]
    },
    {
      "mode": "managed",
      "type": "openstack_networking_network_v2",
      "name": "kubernetes_net",
      "provider": "provider[\"registry.terraform.io/terraform-provider-openstack/openstack\"]",
      "instances": [
        {
          "schema_version": 0,
          "attributes": {
            "admin_state_up": true,
            "all_tags": [],
            "availability_zone_hints": [],
            "description": "",
            "dns_domain": "",
            "external": false,
            "id": "c2619f81-6c8a-4642-a2db-566a73b1a47c",
            "mtu": 1500,
            "name": "kubernetes_net",
            "port_security_enabled": true,
            "qos_policy_id": "",
            "region": "dbl",
            "segments": [],
            "shared": false,
            "tags": null,
            "tenant_id": "18ba5d3f9d714091bca8859a401d825f",
            "timeouts": null,
            "transparent_vlan": false,
            "value_specs": null
          },
          "sensitive_attributes": [],
          "private": "eyJlMmJmYjczMC1lY2FhLTExZTYtOGY4OC0zNDM2M2JjN2M0YzAiOnsiY3JlYXRlIjo2MDAwMDAwMDAwMDAsImRlbGV0ZSI6NjAwMDAwMDAwMDAwfX0="
        }
      ]
    },
    {
      "mode": "managed",
      "type": "openstack_networking_router_interface_v2",
      "name": "router_subnet_connect",
      "provider": "provider[\"registry.terraform.io/terraform-provider-openstack/openstack\"]",
      "instances": [
        {
          "schema_version": 0,
          "attributes": {
            "force_destroy": false,
            "id": "4ed500ab-0775-4ff1-963b-471f99166166",
            "port_id": "4ed500ab-0775-4ff1-963b-471f99166166",
            "region": "dbl",
            "router_id": "900ae90f-8021-4ee5-ab09-d018872371cc",
            "subnet_id": "0c212797-c8e2-4f80-8c20-a9db7edbb59b",
            "timeouts": null
          },
          "sensitive_attributes": [],
          "private": "eyJlMmJmYjczMC1lY2FhLTExZTYtOGY4OC0zNDM2M2JjN2M0YzAiOnsiY3JlYXRlIjo2MDAwMDAwMDAwMDAsImRlbGV0ZSI6NjAwMDAwMDAwMDAwfX0=",
          "dependencies": [
            "data.openstack_networking_network_v2.public_network",
            "openstack_networking_network_v2.kubernetes_net",
            "openstack_networking_router_v2.kubernetes_router",
            "openstack_networking_subnet_v2.kubernetes_subnet"
          ]
        }
      ]
    },
    {
      "mode": "managed",
      "type": "openstack_networking_router_v2",
      "name": "kubernetes_router",
      "provider": "provider[\"registry.terraform.io/terraform-provider-openstack/openstack\"]",
      "instances": [
        {
          "schema_version": 0,
          "attributes": {
            "admin_state_up": true,
            "all_tags": [],
            "availability_zone_hints": [],
            "description": "",
            "distributed": false,
            "enable_snat": true,
            "external_fixed_ip": [
              {
                "ip_address": "195.192.129.114",
                "subnet_id": "7d2e08a4-abee-46f1-823d-c2a7041b4f24"
              }
            ],
            "external_gateway": "8bb661f5-76b9-45f1-9ef9-eeffcd025fe4",
            "external_network_id": "8bb661f5-76b9-45f1-9ef9-eeffcd025fe4",
            "external_subnet_ids": null,
            "id": "900ae90f-8021-4ee5-ab09-d018872371cc",
            "name": "kubernetes_router",
            "region": "dbl",
            "tags": null,
            "tenant_id": "18ba5d3f9d714091bca8859a401d825f",
            "timeouts": null,
            "value_specs": null,
            "vendor_options": []
          },
          "sensitive_attributes": [],
          "private": "eyJlMmJmYjczMC1lY2FhLTExZTYtOGY4OC0zNDM2M2JjN2M0YzAiOnsiY3JlYXRlIjo2MDAwMDAwMDAwMDAsImRlbGV0ZSI6NjAwMDAwMDAwMDAwfX0=",
          "dependencies": [
            "data.openstack_networking_network_v2.public_network"
          ]
        }
      ]
    },
    {
      "mode": "managed",
      "type": "openstack_networking_subnet_v2",
      "name": "kubernetes_subnet",
      "provider": "provider[\"registry.terraform.io/terraform-provider-openstack/openstack\"]",
      "instances": [
        {
          "schema_version": 0,
          "attributes": {
            "all_tags": [],
            "allocation_pool": [
              {
                "end": "192.168.0.250",
                "start": "192.168.0.10"
              }
            ],
            "allocation_pools": [
              {
                "end": "192.168.0.250",
                "start": "192.168.0.10"
              }
            ],
            "cidr": "192.168.0.0/24",
            "description": "",
            "dns_nameservers": [
              "8.8.8.8",
              "2.2.2.2"
            ],
            "enable_dhcp": true,
            "gateway_ip": "192.168.0.1",
            "host_routes": [],
            "id": "0c212797-c8e2-4f80-8c20-a9db7edbb59b",
            "ip_version": 4,
            "ipv6_address_mode": "",
            "ipv6_ra_mode": "",
            "name": "kubernetes_subnet",
            "network_id": "c2619f81-6c8a-4642-a2db-566a73b1a47c",
            "no_gateway": false,
            "prefix_length": null,
            "region": "dbl",
            "service_types": [],
            "subnetpool_id": "",
            "tags": null,
            "tenant_id": "18ba5d3f9d714091bca8859a401d825f",
            "timeouts": null,
            "value_specs": null
          },
          "sensitive_attributes": [],
          "private": "eyJlMmJmYjczMC1lY2FhLTExZTYtOGY4OC0zNDM2M2JjN2M0YzAiOnsiY3JlYXRlIjo2MDAwMDAwMDAwMDAsImRlbGV0ZSI6NjAwMDAwMDAwMDAwfX0=",
          "dependencies": [
            "openstack_networking_network_v2.kubernetes_net"
          ]
        }
      ]
    },
    {
      "module": "module.master",
      "mode": "managed",
      "type": "openstack_compute_instance_v2",
      "name": "masters",
      "provider": "provider[\"registry.terraform.io/terraform-provider-openstack/openstack\"]",
      "instances": [
        {
          "index_key": 0,
          "status": "tainted",
          "schema_version": 0,
          "attributes": {
            "access_ip_v4": null,
            "access_ip_v6": null,
            "admin_pass": null,
            "all_metadata": null,
            "all_tags": [],
            "availability_zone": null,
            "availability_zone_hints": null,
            "block_device": [],
            "config_drive": null,
            "created": null,
            "flavor_id": null,
            "flavor_name": "m1.tiny",
            "floating_ip": null,
            "force_delete": false,
            "id": "c16f7d3a-a433-4ea5-8c4a-3ae11a9d50da",
            "image_id": "9210bfc7-f6ed-4892-8b5e-b27b1dc25f1f",
            "image_name": null,
            "key_pair": null,
            "metadata": null,
            "name": "master-0",
            "network": [
              {
                "access_network": false,
                "fixed_ip_v4": "",
                "fixed_ip_v6": "",
                "floating_ip": "",
                "mac": "",
                "name": "",
                "port": "",
                "uuid": "c2619f81-6c8a-4642-a2db-566a73b1a47c"
              }
            ],
            "network_mode": null,
            "personality": [],
            "power_state": "active",
            "region": null,
            "scheduler_hints": [],
            "security_groups": [],
            "stop_before_destroy": false,
            "tags": null,
            "timeouts": null,
            "updated": null,
            "user_data": "7855eb442664325b5f544108a4f97bc9bd20f991",
            "vendor_options": [],
            "volume": []
          },
          "sensitive_attributes": [],
          "private": "eyJlMmJmYjczMC1lY2FhLTExZTYtOGY4OC0zNDM2M2JjN2M0YzAiOnsiY3JlYXRlIjoxODAwMDAwMDAwMDAwLCJkZWxldGUiOjE4MDAwMDAwMDAwMDAsInVwZGF0ZSI6MTgwMDAwMDAwMDAwMH19",
          "dependencies": [
            "data.openstack_images_image_v2.image",
            "openstack_networking_network_v2.kubernetes_net"
          ]
        },
        {
          "index_key": 1,
          "status": "tainted",
          "schema_version": 0,
          "attributes": {
            "access_ip_v4": null,
            "access_ip_v6": null,
            "admin_pass": null,
            "all_metadata": null,
            "all_tags": [],
            "availability_zone": null,
            "availability_zone_hints": null,
            "block_device": [],
            "config_drive": null,
            "created": null,
            "flavor_id": null,
            "flavor_name": "m1.tiny",
            "floating_ip": null,
            "force_delete": false,
            "id": "b29f388a-c719-46e5-91dc-6897530aac97",
            "image_id": "9210bfc7-f6ed-4892-8b5e-b27b1dc25f1f",
            "image_name": null,
            "key_pair": null,
            "metadata": null,
            "name": "master-1",
            "network": [
              {
                "access_network": false,
                "fixed_ip_v4": "",
                "fixed_ip_v6": "",
                "floating_ip": "",
                "mac": "",
                "name": "",
                "port": "",
                "uuid": "c2619f81-6c8a-4642-a2db-566a73b1a47c"
              }
            ],
            "network_mode": null,
            "personality": [],
            "power_state": "active",
            "region": null,
            "scheduler_hints": [],
            "security_groups": [],
            "stop_before_destroy": false,
            "tags": null,
            "timeouts": null,
            "updated": null,
            "user_data": "7855eb442664325b5f544108a4f97bc9bd20f991",
            "vendor_options": [],
            "volume": []
          },
          "sensitive_attributes": [],
          "private": "eyJlMmJmYjczMC1lY2FhLTExZTYtOGY4OC0zNDM2M2JjN2M0YzAiOnsiY3JlYXRlIjoxODAwMDAwMDAwMDAwLCJkZWxldGUiOjE4MDAwMDAwMDAwMDAsInVwZGF0ZSI6MTgwMDAwMDAwMDAwMH19",
          "dependencies": [
            "data.openstack_images_image_v2.image",
            "openstack_networking_network_v2.kubernetes_net"
          ]
        },
        {
          "index_key": 2,
          "status": "tainted",
          "schema_version": 0,
          "attributes": {
            "access_ip_v4": null,
            "access_ip_v6": null,
            "admin_pass": null,
            "all_metadata": null,
            "all_tags": [],
            "availability_zone": null,
            "availability_zone_hints": null,
            "block_device": [],
            "config_drive": null,
            "created": null,
            "flavor_id": null,
            "flavor_name": "m1.tiny",
            "floating_ip": null,
            "force_delete": false,
            "id": "15f90093-c292-418b-99ba-b0b93454ed31",
            "image_id": "9210bfc7-f6ed-4892-8b5e-b27b1dc25f1f",
            "image_name": null,
            "key_pair": null,
            "metadata": null,
            "name": "master-2",
            "network": [
              {
                "access_network": false,
                "fixed_ip_v4": "",
                "fixed_ip_v6": "",
                "floating_ip": "",
                "mac": "",
                "name": "",
                "port": "",
                "uuid": "c2619f81-6c8a-4642-a2db-566a73b1a47c"
              }
            ],
            "network_mode": null,
            "personality": [],
            "power_state": "active",
            "region": null,
            "scheduler_hints": [],
            "security_groups": [],
            "stop_before_destroy": false,
            "tags": null,
            "timeouts": null,
            "updated": null,
            "user_data": "7855eb442664325b5f544108a4f97bc9bd20f991",
            "vendor_options": [],
            "volume": []
          },
          "sensitive_attributes": [],
          "private": "eyJlMmJmYjczMC1lY2FhLTExZTYtOGY4OC0zNDM2M2JjN2M0YzAiOnsiY3JlYXRlIjoxODAwMDAwMDAwMDAwLCJkZWxldGUiOjE4MDAwMDAwMDAwMDAsInVwZGF0ZSI6MTgwMDAwMDAwMDAwMH19",
          "dependencies": [
            "data.openstack_images_image_v2.image",
            "openstack_networking_network_v2.kubernetes_net"
          ]
        }
      ]
    },
    {
      "module": "module.worker",
      "mode": "managed",
      "type": "openstack_compute_instance_v2",
      "name": "workers",
      "provider": "provider[\"registry.terraform.io/terraform-provider-openstack/openstack\"]",
      "instances": [
        {
          "index_key": 0,
          "status": "tainted",
          "schema_version": 0,
          "attributes": {
            "access_ip_v4": null,
            "access_ip_v6": null,
            "admin_pass": null,
            "all_metadata": null,
            "all_tags": [],
            "availability_zone": null,
            "availability_zone_hints": null,
            "block_device": [],
            "config_drive": null,
            "created": null,
            "flavor_id": null,
            "flavor_name": "m1.tiny",
            "floating_ip": null,
            "force_delete": false,
            "id": "df984100-9e78-419c-802b-72dea2a3ac41",
            "image_id": "9210bfc7-f6ed-4892-8b5e-b27b1dc25f1f",
            "image_name": null,
            "key_pair": null,
            "metadata": null,
            "name": "worker-0",
            "network": [
              {
                "access_network": false,
                "fixed_ip_v4": "",
                "fixed_ip_v6": "",
                "floating_ip": "",
                "mac": "",
                "name": "",
                "port": "",
                "uuid": "c2619f81-6c8a-4642-a2db-566a73b1a47c"
              }
            ],
            "network_mode": null,
            "personality": [],
            "power_state": "active",
            "region": null,
            "scheduler_hints": [],
            "security_groups": [],
            "stop_before_destroy": false,
            "tags": null,
            "timeouts": null,
            "updated": null,
            "user_data": null,
            "vendor_options": [],
            "volume": []
          },
          "sensitive_attributes": [],
          "private": "eyJlMmJmYjczMC1lY2FhLTExZTYtOGY4OC0zNDM2M2JjN2M0YzAiOnsiY3JlYXRlIjoxODAwMDAwMDAwMDAwLCJkZWxldGUiOjE4MDAwMDAwMDAwMDAsInVwZGF0ZSI6MTgwMDAwMDAwMDAwMH19",
          "dependencies": [
            "data.openstack_images_image_v2.image",
            "openstack_networking_network_v2.kubernetes_net"
          ]
        },
        {
          "index_key": 1,
          "status": "tainted",
          "schema_version": 0,
          "attributes": {
            "access_ip_v4": null,
            "access_ip_v6": null,
            "admin_pass": null,
            "all_metadata": null,
            "all_tags": [],
            "availability_zone": null,
            "availability_zone_hints": null,
            "block_device": [],
            "config_drive": null,
            "created": null,
            "flavor_id": null,
            "flavor_name": "m1.tiny",
            "floating_ip": null,
            "force_delete": false,
            "id": "c2df17cb-13a0-4bcd-8c6e-c722de12097c",
            "image_id": "9210bfc7-f6ed-4892-8b5e-b27b1dc25f1f",
            "image_name": null,
            "key_pair": null,
            "metadata": null,
            "name": "worker-1",
            "network": [
              {
                "access_network": false,
                "fixed_ip_v4": "",
                "fixed_ip_v6": "",
                "floating_ip": "",
                "mac": "",
                "name": "",
                "port": "",
                "uuid": "c2619f81-6c8a-4642-a2db-566a73b1a47c"
              }
            ],
            "network_mode": null,
            "personality": [],
            "power_state": "active",
            "region": null,
            "scheduler_hints": [],
            "security_groups": [],
            "stop_before_destroy": false,
            "tags": null,
            "timeouts": null,
            "updated": null,
            "user_data": null,
            "vendor_options": [],
            "volume": []
          },
          "sensitive_attributes": [],
          "private": "eyJlMmJmYjczMC1lY2FhLTExZTYtOGY4OC0zNDM2M2JjN2M0YzAiOnsiY3JlYXRlIjoxODAwMDAwMDAwMDAwLCJkZWxldGUiOjE4MDAwMDAwMDAwMDAsInVwZGF0ZSI6MTgwMDAwMDAwMDAwMH19",
          "dependencies": [
            "data.openstack_images_image_v2.image",
            "openstack_networking_network_v2.kubernetes_net"
          ]
        },
        {
          "index_key": 2,
          "status": "tainted",
          "schema_version": 0,
          "attributes": {
            "access_ip_v4": null,
            "access_ip_v6": null,
            "admin_pass": null,
            "all_metadata": null,
            "all_tags": [],
            "availability_zone": null,
            "availability_zone_hints": null,
            "block_device": [],
            "config_drive": null,
            "created": null,
            "flavor_id": null,
            "flavor_name": "m1.tiny",
            "floating_ip": null,
            "force_delete": false,
            "id": "023552d3-afd0-4b1b-adc9-531e85fe4206",
            "image_id": "9210bfc7-f6ed-4892-8b5e-b27b1dc25f1f",
            "image_name": null,
            "key_pair": null,
            "metadata": null,
            "name": "worker-2",
            "network": [
              {
                "access_network": false,
                "fixed_ip_v4": "",
                "fixed_ip_v6": "",
                "floating_ip": "",
                "mac": "",
                "name": "",
                "port": "",
                "uuid": "c2619f81-6c8a-4642-a2db-566a73b1a47c"
              }
            ],
            "network_mode": null,
            "personality": [],
            "power_state": "active",
            "region": null,
            "scheduler_hints": [],
            "security_groups": [],
            "stop_before_destroy": false,
            "tags": null,
            "timeouts": null,
            "updated": null,
            "user_data": null,
            "vendor_options": [],
            "volume": []
          },
          "sensitive_attributes": [],
          "private": "eyJlMmJmYjczMC1lY2FhLTExZTYtOGY4OC0zNDM2M2JjN2M0YzAiOnsiY3JlYXRlIjoxODAwMDAwMDAwMDAwLCJkZWxldGUiOjE4MDAwMDAwMDAwMDAsInVwZGF0ZSI6MTgwMDAwMDAwMDAwMH19",
          "dependencies": [
            "data.openstack_images_image_v2.image",
            "openstack_networking_network_v2.kubernetes_net"
          ]
        }
      ]
    }
  ],
  "check_results": null
}
